
Microsoft Visual Studio Solution File, Format Version 12.00
# Visual Studio 15
VisualStudioVersion = 15.0.28307.438
MinimumVisualStudioVersion = 10.0.40219.1
Project("{FAE04EC0-301F-11D3-BF4B-00C04F79EFBC}") = "WebApplication3", "WebApplication3\WebApplication3.csproj", "{BA0E5E57-5A8A-46FA-9E0D-0837DC988855}"
EndProject
Global
	GlobalSection(SolutionConfigurationPlatforms) = preSolution
		Debug|Any CPU = Debug|Any CPU
		Release|Any CPU = Release|Any CPU
	EndGlobalSection
	GlobalSection(ProjectConfigurationPlatforms) = postSolution
		{BA0E5E57-5A8A-46FA-9E0D-0837DC988855}.Debug|Any CPU.ActiveCfg = Debug|Any CPU
		{BA0E5E57-5A8A-46FA-9E0D-0837DC988855}.Debug|Any CPU.Build.0 = Debug|Any CPU
		{BA0E5E57-5A8A-46FA-9E0D-0837DC988855}.Release|Any CPU.ActiveCfg = Release|Any CPU
		{BA0E5E57-5A8A-46FA-9E0D-0837DC988855}.Release|Any CPU.Build.0 = Release|Any CPU
	EndGlobalSection
	GlobalSection(SolutionProperties) = preSolution
		HideSolutionNode = FALSE
	EndGlobalSection
	GlobalSection(ExtensibilityGlobals) = postSolution
		SolutionGuid = {D2FD292A-4571-407F-BF41-528A4FDC0ABD}
	EndGlobalSection
EndGlobal
